
Microsoft Visual Studio Solution File, Format Version 11.00
# Visual Studio 2010
Project("{8BC9CEB8-8B4A-11D0-8D11-00A0C91BC942}") = "CRangeEnergy", "CRangeEnergy\CRangeEnergy.vcxproj", "{E2C481A0-06FE-448C-BACE-460E0BEEB245}"
EndProject
Project("{8BC9CEB8-8B4A-11D0-8D11-00A0C91BC942}") = "CRangeEnergy_Test", "CRangeEnergy_Test\CRangeEnergy_Test.vcxproj", "{AA904893-3EC9-497F-8A2D-5329A7190C18}"
EndProject
Project("{2150E333-8FDC-42A3-9474-1A3956D46DE8}") = "Solution Items", "Solution Items", "{7CDA8061-312B-4465-979C-FE3DF954513E}"
EndProject
Global
	GlobalSection(SolutionConfigurationPlatforms) = preSolution
		Debug|Win32 = Debug|Win32
		Release|Win32 = Release|Win32
	EndGlobalSection
	GlobalSection(ProjectConfigurationPlatforms) = postSolution
		{E2C481A0-06FE-448C-BACE-460E0BEEB245}.Debug|Win32.ActiveCfg = Debug|Win32
		{E2C481A0-06FE-448C-BACE-460E0BEEB245}.Debug|Win32.Build.0 = Debug|Win32
		{E2C481A0-06FE-448C-BACE-460E0BEEB245}.Release|Win32.ActiveCfg = Release|Win32
		{E2C481A0-06FE-448C-BACE-460E0BEEB245}.Release|Win32.Build.0 = Release|Win32
		{AA904893-3EC9-497F-8A2D-5329A7190C18}.Debug|Win32.ActiveCfg = Debug|Win32
		{AA904893-3EC9-497F-8A2D-5329A7190C18}.Debug|Win32.Build.0 = Debug|Win32
		{AA904893-3EC9-497F-8A2D-5329A7190C18}.Release|Win32.ActiveCfg = Release|Win32
		{AA904893-3EC9-497F-8A2D-5329A7190C18}.Release|Win32.Build.0 = Release|Win32
	EndGlobalSection
	GlobalSection(SolutionProperties) = preSolution
		HideSolutionNode = FALSE
	EndGlobalSection
EndGlobal
